
Microsoft Visual Studio Solution File, Format Version 12.00
# Visual Studio 14
VisualStudioVersion = 14.0.25420.1
MinimumVisualStudioVersion = 10.0.40219.1
Project("{FAE04EC0-301F-11D3-BF4B-00C04F79EFBC}") = "MainProgram", ".\MainProgram\MainProgram.csproj", "{A0654D51-B778-4FED-A405-48CEAE634206}"
EndProject
Project("{FAE04EC0-301F-11D3-BF4B-00C04F79EFBC}") = "AssemblyACode", ".\AssemblyACode\AssemblyACode.csproj", "{FF654258-2406-4008-8B68-B7B57BB796F5}"
EndProject
Global
	GlobalSection(SolutionConfigurationPlatforms) = preSolution
		Debug|Any CPU = Debug|Any CPU
		Release|Any CPU = Release|Any CPU
	EndGlobalSection
	GlobalSection(ProjectConfigurationPlatforms) = postSolution
		{A0654D51-B778-4FED-A405-48CEAE634206}.Debug|Any CPU.ActiveCfg = Debug|Any CPU
		{A0654D51-B778-4FED-A405-48CEAE634206}.Debug|Any CPU.Build.0 = Debug|Any CPU
		{A0654D51-B778-4FED-A405-48CEAE634206}.Release|Any CPU.ActiveCfg = Release|Any CPU
		{A0654D51-B778-4FED-A405-48CEAE634206}.Release|Any CPU.Build.0 = Release|Any CPU
		{FF654258-2406-4008-8B68-B7B57BB796F5}.Debug|Any CPU.ActiveCfg = Debug|Any CPU
		{FF654258-2406-4008-8B68-B7B57BB796F5}.Debug|Any CPU.Build.0 = Debug|Any CPU
		{FF654258-2406-4008-8B68-B7B57BB796F5}.Release|Any CPU.ActiveCfg = Release|Any CPU
		{FF654258-2406-4008-8B68-B7B57BB796F5}.Release|Any CPU.Build.0 = Release|Any CPU
	EndGlobalSection
	GlobalSection(SolutionProperties) = preSolution
		HideSolutionNode = FALSE
	EndGlobalSection
EndGlobal
